{
  "name": "s4dlimiteduk",
  "version": "1.0.0",
  "lockfileVersion": 1,
  "requires": true,
  "dependencies": {
    "@clack/core": {
      "version": "0.4.1",
      "resolved": "https://registry.npmjs.org/@clack/core/-/core-0.4.1.tgz",
      "integrity": "sha512-Pxhij4UXg8KSr7rPek6Zowm+5M22rbd2g1nfojHJkxp5YkFqiZ2+YLEM/XGVIzvGOcM0nqjIFxrpDwWRZYWYjA==",
      "requires": {
        "picocolors": "1.1.1",
        "sisteransi": "1.0.5"
      }
    },
    "@clack/prompts": {
      "version": "0.9.1",
      "resolved": "https://registry.npmjs.org/@clack/prompts/-/prompts-0.9.1.tgz",
      "integrity": "sha512-JIpyaboYZeWYlyP0H+OoPPxd6nqueG/CmN6ixBiNFsIDHREevjIf0n0Ohh5gr5C8pEDknzgvz+pIJ8dMhzWIeg==",
      "requires": {
        "@clack/core": "0.4.1",
        "picocolors": "1.1.1",
        "sisteransi": "1.0.5"
      }
    },
    "@nodelib/fs.scandir": {
      "version": "2.1.5",
      "resolved": "https://registry.npmjs.org/@nodelib/fs.scandir/-/fs.scandir-2.1.5.tgz",
      "integrity": "sha512-vq24Bq3ym5HEQm2NKCr3yXDwjc7vTsEThRDnkp2DK9p1uqLR+DHurm/NOTo0KG7HYHU7eppKZj3MyqYuMBf62g==",
      "requires": {
        "@nodelib/fs.stat": "2.0.5",
        "run-parallel": "1.2.0"
      }
    },
    "@nodelib/fs.stat": {
      "version": "2.0.5",
      "resolved": "https://registry.npmjs.org/@nodelib/fs.stat/-/fs.stat-2.0.5.tgz",
      "integrity": "sha512-RkhPPp2zrqDAQA/2jNhnztcPAlv64XdhIp7a7454A5ovI7Bukxgt7MX7udwAu3zg1DcpPU0rz3VV1SeaqvY4+A=="
    },
    "@nodelib/fs.walk": {
      "version": "1.2.8",
      "resolved": "https://registry.npmjs.org/@nodelib/fs.walk/-/fs.walk-1.2.8.tgz",
      "integrity": "sha512-oGB+UxlgWcgQkgwo8GcEGwemoTFt3FIO9ababBmaGwXIoBKZ+GTy0pP185beGg7Llih/NSHSV2XAs1lnznocSg==",
      "requires": {
        "@nodelib/fs.scandir": "2.1.5",
        "fastq": "1.18.0"
      }
    },
    "@secretlint/core": {
      "version": "9.0.0",
      "resolved": "https://registry.npmjs.org/@secretlint/core/-/core-9.0.0.tgz",
      "integrity": "sha512-+ICPisxcaytrdqSh7Fkyyh9fQE2/DiUNutnWnSeC5gOoaowGwIrKt9D1pHePfLhGfBTq+ipOS6uJxmLKJ0hbJw==",
      "requires": {
        "@secretlint/profiler": "9.0.0",
        "@secretlint/types": "9.0.0",
        "debug": "4.4.0",
        "structured-source": "4.0.0"
      },
      "dependencies": {
        "debug": {
          "version": "4.4.0",
          "resolved": "https://registry.npmjs.org/debug/-/debug-4.4.0.tgz",
          "integrity": "sha512-6WTZ/IxCY/T6BALoZHaE4ctp9xm+Z5kY/pzYaCHRFeyVhojxlrm+46y68HA6hr0TcwEssoxNiDEUJQjfPZ/RYA==",
          "requires": {
            "ms": "2.1.3"
          }
        },
        "ms": {
          "version": "2.1.3",
          "resolved": "https://registry.npmjs.org/ms/-/ms-2.1.3.tgz",
          "integrity": "sha512-6FlzubTLZG3J2a/NVCAleEhjzq5oxgHyaCU9yYXvcLsvoVaHJq/s5xXI6/XXP6tz7R9xAOtHnSO/tXtF3WRTlA=="
        }
      }
    },
    "@secretlint/profiler": {
      "version": "9.0.0",
      "resolved": "https://registry.npmjs.org/@secretlint/profiler/-/profiler-9.0.0.tgz",
      "integrity": "sha512-IJBvFMGHsRAFGNa6FevNXRmA8LMNWB77lW+8VMaGNjECPhARPXu7JetfsNkTQEuKnR+Vg0r3OT9vVhmo2wowPw=="
    },
    "@secretlint/secretlint-rule-preset-recommend": {
      "version": "9.0.0",
      "resolved": "https://registry.npmjs.org/@secretlint/secretlint-rule-preset-recommend/-/secretlint-rule-preset-recommend-9.0.0.tgz",
      "integrity": "sha512-EWw2bnjZUTJ5krtSANW7AhmKam0wh/clSlrTIYpkmjwNbUHj1v9rjRqCi2V0VxktiMwkCmtqW+kX+b2EP1LrIA=="
    },
    "@secretlint/types": {
      "version": "9.0.0",
      "resolved": "https://registry.npmjs.org/@secretlint/types/-/types-9.0.0.tgz",
      "integrity": "sha512-bpbtAvx99eubfhoNgGEzm8gu9UJPFUzPSLQSvXz8BVCeGq1yJpCIp3fExcDAl7v1DAd860B/5zqMxlk9X2cOnA=="
    },
    "@sindresorhus/merge-streams": {
      "version": "2.3.0",
      "resolved": "https://registry.npmjs.org/@sindresorhus/merge-streams/-/merge-streams-2.3.0.tgz",
      "integrity": "sha512-LtoMMhxAlorcGhmFYI+LhPgbPZCkgP6ra1YL604EeF6U98pLlQ3iWIGMdWSC+vWmPBWBNgmDBAhnAobLROJmwg=="
    },
    "ansi-escapes": {
      "version": "7.0.0",
      "resolved": "https://registry.npmjs.org/ansi-escapes/-/ansi-escapes-7.0.0.tgz",
      "integrity": "sha512-GdYO7a61mR0fOlAsvC9/rIHf7L96sBc6dEWzeOu+KAea5bZyQRPIpojrVoI4AXGJS/ycu/fBTdLrUkA4ODrvjw==",
      "requires": {
        "environment": "1.1.0"
      }
    },
    "balanced-match": {
      "version": "1.0.0",
      "resolved": "https://registry.npmjs.org/balanced-match/-/balanced-match-1.0.0.tgz",
      "integrity": "sha1-ibTRmasr7kneFk6gK4nORi1xt2c="
    },
    "binaryextensions": {
      "version": "6.11.0",
      "resolved": "https://registry.npmjs.org/binaryextensions/-/binaryextensions-6.11.0.tgz",
      "integrity": "sha512-sXnYK/Ij80TO3lcqZVV2YgfKN5QjUWIRk/XSm2J/4bd/lPko3lvk0O4ZppH6m+6hB2/GTu+ptNwVFe1xh+QLQw==",
      "requires": {
        "editions": "6.21.0"
      }
    },
    "boundary": {
      "version": "2.0.0",
      "resolved": "https://registry.npmjs.org/boundary/-/boundary-2.0.0.tgz",
      "integrity": "sha512-rJKn5ooC9u8q13IMCrW0RSp31pxBCHE3y9V/tp3TdWSLf8Em3p6Di4NBpfzbJge9YjjFEsD0RtFEjtvHL5VyEA=="
    },
    "cli-cursor": {
      "version": "5.0.0",
      "resolved": "https://registry.npmjs.org/cli-cursor/-/cli-cursor-5.0.0.tgz",
      "integrity": "sha512-aCj4O5wKyszjMmDT4tZj93kxyydN/K5zPWSCe6/0AV/AA1pqe5ZBIw0a2ZfPQV7lL5/yb5HsUreJ6UFAF1tEQw==",
      "requires": {
        "restore-cursor": "5.1.0"
      }
    },
    "cli-spinners": {
      "version": "2.9.2",
      "resolved": "https://registry.npmjs.org/cli-spinners/-/cli-spinners-2.9.2.tgz",
      "integrity": "sha512-ywqV+5MmyL4E7ybXgKys4DugZbX0FC6LnwrhjuykIjnK9k8OQacQ7axGKnjDXWNhns0xot3bZI5h55H8yo9cJg=="
    },
    "clipboardy": {
      "version": "4.0.0",
      "resolved": "https://registry.npmjs.org/clipboardy/-/clipboardy-4.0.0.tgz",
      "integrity": "sha512-5mOlNS0mhX0707P2I0aZ2V/cmHUEO/fL7VFLqszkhUsxt7RwnmrInf/eEQKlf5GzvYeHIjT+Ov1HRfNmymlG0w==",
      "requires": {
        "execa": "8.0.1",
        "is-wsl": "3.1.0",
        "is64bit": "2.0.0"
      },
      "dependencies": {
        "cross-spawn": {
          "version": "7.0.6",
          "resolved": "https://registry.npmjs.org/cross-spawn/-/cross-spawn-7.0.6.tgz",
          "integrity": "sha512-uV2QOWP2nWzsy2aMp8aRibhi9dlzF5Hgh5SHaB9OiTGEyDTiJJyx0uy51QXdyWbtAHNua4XJzUKca3OzKUd3vA==",
          "requires": {
            "path-key": "3.1.1",
            "shebang-command": "2.0.0",
            "which": "2.0.2"
          }
        },
        "execa": {
          "version": "8.0.1",
          "resolved": "https://registry.npmjs.org/execa/-/execa-8.0.1.tgz",
          "integrity": "sha512-VyhnebXciFV2DESc+p6B+y0LjSm0krU4OgJN44qFAhBY0TJ+1V61tYD2+wHusZ6F9n5K+vl8k0sTy7PEfV4qpg==",
          "requires": {
            "cross-spawn": "7.0.6",
            "get-stream": "8.0.1",
            "human-signals": "5.0.0",
            "is-stream": "3.0.0",
            "merge-stream": "2.0.0",
            "npm-run-path": "5.3.0",
            "onetime": "6.0.0",
            "signal-exit": "4.1.0",
            "strip-final-newline": "3.0.0"
          }
        },
        "get-stream": {
          "version": "8.0.1",
          "resolved": "https://registry.npmjs.org/get-stream/-/get-stream-8.0.1.tgz",
          "integrity": "sha512-VaUJspBffn/LMCJVoMvSAdmscJyS1auj5Zulnn5UoYcY531UWmdwhRWkcGKnGU93m5HSXP9LP2usOryrBtQowA=="
        },
        "is-stream": {
          "version": "3.0.0",
          "resolved": "https://registry.npmjs.org/is-stream/-/is-stream-3.0.0.tgz",
          "integrity": "sha512-LnQR4bZ9IADDRSkvpqMGvt/tEJWclzklNgSw48V5EAaAeDd6qGvN8ei6k5p0tvxSR171VmGyHuTiAOfxAbr8kA=="
        },
        "npm-run-path": {
          "version": "5.3.0",
          "resolved": "https://registry.npmjs.org/npm-run-path/-/npm-run-path-5.3.0.tgz",
          "integrity": "sha512-ppwTtiJZq0O/ai0z7yfudtBpWIoxM8yE6nHi1X47eFR2EWORqfbu6CnPlNsjeN683eT0qG6H/Pyf9fCcvjnnnQ==",
          "requires": {
            "path-key": "4.0.0"
          },
          "dependencies": {
            "path-key": {
              "version": "4.0.0",
              "resolved": "https://registry.npmjs.org/path-key/-/path-key-4.0.0.tgz",
              "integrity": "sha512-haREypq7xkM7ErfgIyA0z+Bj4AGKlMSdlQE2jvJo6huWD1EdkKYV+G/T4nq0YEF2vgTT8kqMFKo1uHn950r4SQ=="
            }
          }
        },
        "path-key": {
          "version": "3.1.1",
          "resolved": "https://registry.npmjs.org/path-key/-/path-key-3.1.1.tgz",
          "integrity": "sha512-ojmeN0qd+y0jszEtoY48r0Peq5dwMEkIlCOu6Q5f41lfkswXuKtYrhgoTpLnyIcHm24Uhqx+5Tqm2InSwLhE6Q=="
        },
        "shebang-command": {
          "version": "2.0.0",
          "resolved": "https://registry.npmjs.org/shebang-command/-/shebang-command-2.0.0.tgz",
          "integrity": "sha512-kHxr2zZpYtdmrN1qDjrrX/Z1rR1kG8Dx+gkpK1G4eXmvXswmcE1hTWBWYUzlraYw1/yZp6YuDY77YtvbN0dmDA==",
          "requires": {
            "shebang-regex": "3.0.0"
          }
        },
        "shebang-regex": {
          "version": "3.0.0",
          "resolved": "https://registry.npmjs.org/shebang-regex/-/shebang-regex-3.0.0.tgz",
          "integrity": "sha512-7++dFhtcx3353uBaq8DDR4NuxBetBzC7ZQOhmTQInHEd6bSrXdiEyzCvG07Z44UYdLShWUyXt5M/yhz8ekcb1A=="
        },
        "signal-exit": {
          "version": "4.1.0",
          "resolved": "https://registry.npmjs.org/signal-exit/-/signal-exit-4.1.0.tgz",
          "integrity": "sha512-bzyZ1e88w9O1iNJbKnOlvYTrWPDl46O1bG0D3XInv+9tkPrxrN8jUUTiFlDkkmKWgn1M6CfIA13SuGqOa9Korw=="
        },
        "which": {
          "version": "2.0.2",
          "resolved": "https://registry.npmjs.org/which/-/which-2.0.2.tgz",
          "integrity": "sha512-BLI3Tl1TW3Pvl70l3yq3Y64i+awpwXqsGBYWkkqMtnbXgrMD+yj7rhW0kuEDxzJaYXGjEW5ogapKNMEKNMjibA==",
          "requires": {
            "isexe": "2.0.0"
          }
        }
      }
    },
    "commander": {
      "version": "2.17.1",
      "resolved": "https://registry.npmjs.org/commander/-/commander-2.17.1.tgz",
      "integrity": "sha512-wPMUt6FnH2yzG95SA6mzjQOEKUU3aLaDEmzs1ti+1E9h+CsrZghRlqEM/EJ4KscsQVG8uNN4uVreUeT8+drlgg=="
    },
    "editions": {
      "version": "6.21.0",
      "resolved": "https://registry.npmjs.org/editions/-/editions-6.21.0.tgz",
      "integrity": "sha512-ofkXJtn7z0urokN62DI3SBo/5xAtF0rR7tn+S/bSYV79Ka8pTajIIl+fFQ1q88DQEImymmo97M4azY3WX/nUdg==",
      "requires": {
        "version-range": "4.14.0"
      }
    },
    "emoji-regex": {
      "version": "10.4.0",
      "resolved": "https://registry.npmjs.org/emoji-regex/-/emoji-regex-10.4.0.tgz",
      "integrity": "sha512-EC+0oUMY1Rqm4O6LLrgjtYDvcVYTy7chDnM4Q7030tP4Kwj3u/pR6gP9ygnp2CJMK5Gq+9Q2oqmrFJAz01DXjw=="
    },
    "environment": {
      "version": "1.1.0",
      "resolved": "https://registry.npmjs.org/environment/-/environment-1.1.0.tgz",
      "integrity": "sha512-xUtoPkMggbz0MPyPiIWr1Kp4aeWJjDZ6SMvURhimjdZgsRuDplF5/s9hcgGhyXMhs+6vpnuoiZ2kFiu3FMnS8Q=="
    },
    "expose-loader": {
      "version": "0.7.5",
      "resolved": "https://registry.npmjs.org/expose-loader/-/expose-loader-0.7.5.tgz",
      "integrity": "sha512-iPowgKUZkTPX5PznYsmifVj9Bob0w2wTHVkt/eYNPSzyebkUgIedmskf/kcfEIWpiWjg3JRjnW+a17XypySMuw==",
      "dev": true
    },
    "fast-glob": {
      "version": "3.3.3",
      "resolved": "https://registry.npmjs.org/fast-glob/-/fast-glob-3.3.3.tgz",
      "integrity": "sha512-7MptL8U0cqcFdzIzwOTHoilX9x5BrNqye7Z/LuC7kCMRio1EMSyqRK3BEAUD7sXRq4iT4AzTVuZdhgQ2TCvYLg==",
      "requires": {
        "@nodelib/fs.stat": "2.0.5",
        "@nodelib/fs.walk": "1.2.8",
        "glob-parent": "5.1.2",
        "merge2": "1.4.1",
        "micromatch": "4.0.8"
      },
      "dependencies": {
        "braces": {
          "version": "3.0.3",
          "resolved": "https://registry.npmjs.org/braces/-/braces-3.0.3.tgz",
          "integrity": "sha512-yQbXgO/OSZVD2IsiLlro+7Hf6Q18EJrKSEsdoMzKePKXct3gvD8oLcOQdIzGupr5Fj+EDe8gO/lxc1BzfMpxvA==",
          "requires": {
            "fill-range": "7.1.1"
          }
        },
        "fill-range": {
          "version": "7.1.1",
          "resolved": "https://registry.npmjs.org/fill-range/-/fill-range-7.1.1.tgz",
          "integrity": "sha512-YsGpe3WHLK8ZYi4tWDg2Jy3ebRz2rXowDxnld4bkQB00cc/1Zw9AWnC0i9ztDJitivtQvaI9KaLyKrc+hBW0yg==",
          "requires": {
            "to-regex-range": "5.0.1"
          }
        },
        "glob-parent": {
          "version": "5.1.2",
          "resolved": "https://registry.npmjs.org/glob-parent/-/glob-parent-5.1.2.tgz",
          "integrity": "sha512-AOIgSQCepiJYwP3ARnGx+5VnTu2HBYdzbGP45eLw1vr3zB3vZLeyed1sC9hnbcOc9/SrMyM5RPQrkGz4aS9Zow==",
          "requires": {
            "is-glob": "4.0.3"
          }
        },
        "is-glob": {
          "version": "4.0.3",
          "resolved": "https://registry.npmjs.org/is-glob/-/is-glob-4.0.3.tgz",
          "integrity": "sha512-xelSayHH36ZgE7ZWhli7pW34hNbNl8Ojv5KVmkJD4hBdD3th8Tfk9vYasLM+mXWOZhFkgZfxhLSnrwRr4elSSg==",
          "requires": {
            "is-extglob": "2.1.1"
          }
        },
        "is-number": {
          "version": "7.0.0",
          "resolved": "https://registry.npmjs.org/is-number/-/is-number-7.0.0.tgz",
          "integrity": "sha512-41Cifkg6e8TylSpdtTpeLVMqvSBEVzTttHvERD741+pnZ8ANv0004MRL43QKPDlK9cGvNp6NZWZUBlbGXYxxng=="
        },
        "micromatch": {
          "version": "4.0.8",
          "resolved": "https://registry.npmjs.org/micromatch/-/micromatch-4.0.8.tgz",
          "integrity": "sha512-PXwfBhYu0hBCPw8Dn0E+WDYb7af3dSLVWKi3HGv84IdF4TyFoC0ysxFd0Goxw7nSv4T/PzEJQxsYsEiFCKo2BA==",
          "requires": {
            "braces": "3.0.3",
            "picomatch": "2.3.1"
          }
        },
        "to-regex-range": {
          "version": "5.0.1",
          "resolved": "https://registry.npmjs.org/to-regex-range/-/to-regex-range-5.0.1.tgz",
          "integrity": "sha512-65P7iz6X5yEr1cwcgvQxbbIw7Uk3gOy5dIdtZ4rDveLqhrdJP+Li/Hx6tyK0NEb+2GCyneCMJiGqrADCSNk8sQ==",
          "requires": {
            "is-number": "7.0.0"
          }
        }
      }
    },
    "fastq": {
      "version": "1.18.0",
      "resolved": "https://registry.npmjs.org/fastq/-/fastq-1.18.0.tgz",
      "integrity": "sha512-QKHXPW0hD8g4UET03SdOdunzSouc9N4AuHdsX8XNcTsuz+yYFILVNIX4l9yHABMhiEI9Db0JTTIpu0wB+Y1QQw==",
      "requires": {
        "reusify": "1.0.4"
      }
    },
    "get-east-asian-width": {
      "version": "1.3.0",
      "resolved": "https://registry.npmjs.org/get-east-asian-width/-/get-east-asian-width-1.3.0.tgz",
      "integrity": "sha512-vpeMIQKxczTD/0s2CdEWHcb0eeJe6TFjxb+J5xgX7hScxqrGuyjmv4c1D4A/gelKfyox0gJJwIHF+fLjeaM8kQ=="
    },
    "globby": {
      "version": "14.0.2",
      "resolved": "https://registry.npmjs.org/globby/-/globby-14.0.2.tgz",
      "integrity": "sha512-s3Fq41ZVh7vbbe2PN3nrW7yC7U7MFVc5c98/iTl9c2GawNMKx/J648KQRW6WKkuU8GIbbh2IXfIRQjOZnXcTnw==",
      "requires": {
        "@sindresorhus/merge-streams": "2.3.0",
        "fast-glob": "3.3.3",
        "ignore": "5.3.2",
        "path-type": "5.0.0",
        "slash": "5.1.0",
        "unicorn-magic": "0.1.0"
      }
    },
    "handlebars": {
      "version": "4.7.8",
      "resolved": "https://registry.npmjs.org/handlebars/-/handlebars-4.7.8.tgz",
      "integrity": "sha512-vafaFqs8MZkRrSX7sFVUdo3ap/eNiLnb4IakshzvP56X5Nr1iGKAIqdX6tMlm6HcNRIkr6AxO5jFEoJzzpT8aQ==",
      "requires": {
        "minimist": "1.2.8",
        "neo-async": "2.6.2",
        "source-map": "0.6.1",
        "uglify-js": "3.4.9",
        "wordwrap": "1.0.0"
      },
      "dependencies": {
        "minimist": {
          "version": "1.2.8",
          "resolved": "https://registry.npmjs.org/minimist/-/minimist-1.2.8.tgz",
          "integrity": "sha512-2yyAR8qBkN3YuheJanUpWC5U3bb5osDywNB8RzDVlDwDHbocAJveqqj1u8+SVD7jkWT4yvsHCpWqqWqAxb0zCA=="
        },
        "neo-async": {
          "version": "2.6.2",
          "resolved": "https://registry.npmjs.org/neo-async/-/neo-async-2.6.2.tgz",
          "integrity": "sha512-Yd3UES5mWCSqR+qNT93S3UoYUkqAZ9lLg8a7g9rimsWmYGK8cVToA4/sF3RrshdyV3sAGMXVUmpMYOw+dLpOuw=="
        }
      }
    },
    "human-signals": {
      "version": "5.0.0",
      "resolved": "https://registry.npmjs.org/human-signals/-/human-signals-5.0.0.tgz",
      "integrity": "sha512-AXcZb6vzzrFAUE61HnN4mpLqd/cSIwNQjtNWR0euPm6y0iqx3G4gOXaIDdtdDwZmhwe82LA6+zinmW4UBWVePQ=="
    },
    "iconv-lite": {
      "version": "0.6.3",
      "resolved": "https://registry.npmjs.org/iconv-lite/-/iconv-lite-0.6.3.tgz",
      "integrity": "sha512-4fCk79wshMdzMp2rH06qWrJE4iolqLhCUH+OiuIgU++RB0+94NlDL81atO7GX55uUKueo0txHNtvEyI6D7WdMw==",
      "requires": {
        "safer-buffer": "2.1.2"
      }
    },
    "ignore": {
      "version": "5.3.2",
      "resolved": "https://registry.npmjs.org/ignore/-/ignore-5.3.2.tgz",
      "integrity": "sha512-hsBTNUqQTDwkWtcdYI2i06Y/nUBEsNEDJKjWdigLvegy8kDuJAS8uRlpkkcQpyEXL0Z/pjDy5HBmMjRCJ2gq+g=="
    },
    "is-docker": {
      "version": "3.0.0",
      "resolved": "https://registry.npmjs.org/is-docker/-/is-docker-3.0.0.tgz",
      "integrity": "sha512-eljcgEDlEns/7AXFosB5K/2nCM4P7FQPkGc/DWLy5rmFEWvZayGrik1d9/QIY5nJ4f9YsVvBkA6kJpHn9rISdQ=="
    },
    "is-extglob": {
      "version": "2.1.1",
      "resolved": "https://registry.npmjs.org/is-extglob/-/is-extglob-2.1.1.tgz",
      "integrity": "sha1-qIwCU1eR8C7TfHahueqXc8gz+MI="
    },
    "is-inside-container": {
      "version": "1.0.0",
      "resolved": "https://registry.npmjs.org/is-inside-container/-/is-inside-container-1.0.0.tgz",
      "integrity": "sha512-KIYLCCJghfHZxqjYBE7rEy0OBuTd5xCHS7tHVgvCLkx7StIoaxwNW3hCALgEUjFfeRk+MG/Qxmp/vtETEF3tRA==",
      "requires": {
        "is-docker": "3.0.0"
      }
    },
    "is-wsl": {
      "version": "3.1.0",
      "resolved": "https://registry.npmjs.org/is-wsl/-/is-wsl-3.1.0.tgz",
      "integrity": "sha512-UcVfVfaK4Sc4m7X3dUSoHoozQGBEFeDC+zVo06t98xe8CzHSZZBekNXH+tu0NalHolcJ/QAGqS46Hef7QXBIMw==",
      "requires": {
        "is-inside-container": "1.0.0"
      }
    },
    "is64bit": {
      "version": "2.0.0",
      "resolved": "https://registry.npmjs.org/is64bit/-/is64bit-2.0.0.tgz",
      "integrity": "sha512-jv+8jaWCl0g2lSBkNSVXdzfBA0npK1HGC2KtWM9FumFRoGS94g3NbCCLVnCYHLjp4GrW2KZeeSTMo5ddtznmGw==",
      "requires": {
        "system-architecture": "0.1.0"
      }
    },
    "isexe": {
      "version": "2.0.0",
      "resolved": "https://registry.npmjs.org/isexe/-/isexe-2.0.0.tgz",
      "integrity": "sha1-6PvzdNxVb/iUehDcsFctYz8s+hA="
    },
    "istextorbinary": {
      "version": "9.5.0",
      "resolved": "https://registry.npmjs.org/istextorbinary/-/istextorbinary-9.5.0.tgz",
      "integrity": "sha512-5mbUj3SiZXCuRf9fT3ibzbSSEWiy63gFfksmGfdOzujPjW3k+z8WvIBxcJHBoQNlaZaiyB25deviif2+osLmLw==",
      "requires": {
        "binaryextensions": "6.11.0",
        "editions": "6.21.0",
        "textextensions": "6.11.0"
      }
    },
    "jquery": {
      "version": "3.3.1",
      "resolved": "https://registry.npmjs.org/jquery/-/jquery-3.3.1.tgz",
      "integrity": "sha512-Ubldcmxp5np52/ENotGxlLe6aGMvmF4R8S6tZjsP6Knsaxd/xp3Zrh50cG93lR6nPXyUFwzN3ZSOQI0wRJNdGg=="
    },
    "jschardet": {
      "version": "3.1.4",
      "resolved": "https://registry.npmjs.org/jschardet/-/jschardet-3.1.4.tgz",
      "integrity": "sha512-/kmVISmrwVwtyYU40iQUOp3SUPk2dhNCMsZBQX0R1/jZ8maaXJ/oZIzUOiyOqcgtLnETFKYChbJ5iDC/eWmFHg=="
    },
    "lodash": {
      "version": "4.17.11",
      "resolved": "https://registry.npmjs.org/lodash/-/lodash-4.17.11.tgz",
      "integrity": "sha512-cQKh8igo5QUhZ7lg38DYWAxMvjSAKG0A8wGSVimP07SIUEK2UO+arSRKbRZWtelMtN5V0Hkwh5ryOto/SshYIg=="
    },
    "log-update": {
      "version": "6.1.0",
      "resolved": "https://registry.npmjs.org/log-update/-/log-update-6.1.0.tgz",
      "integrity": "sha512-9ie8ItPR6tjY5uYJh8K/Zrv/RMZ5VOlOWvtZdEHYSTFKZfIBPQa9tOAEeAWhd+AnIneLJ22w5fjOYtoutpWq5w==",
      "requires": {
        "ansi-escapes": "7.0.0",
        "cli-cursor": "5.0.0",
        "slice-ansi": "7.1.0",
        "strip-ansi": "7.1.0",
        "wrap-ansi": "9.0.0"
      },
      "dependencies": {
        "ansi-regex": {
          "version": "6.1.0",
          "resolved": "https://registry.npmjs.org/ansi-regex/-/ansi-regex-6.1.0.tgz",
          "integrity": "sha512-7HSX4QQb4CspciLpVFwyRe79O3xsIZDDLER21kERQ71oaPodF8jL725AgJMFAYbooIqolJoRLuM81SpeUkpkvA=="
        },
        "ansi-styles": {
          "version": "6.2.1",
          "resolved": "https://registry.npmjs.org/ansi-styles/-/ansi-styles-6.2.1.tgz",
          "integrity": "sha512-bN798gFfQX+viw3R7yrGWRqnrN2oRkEkUjjl4JNn4E8GxxbjtG3FbrEIIY3l8/hrwUwIeCZvi4QuOTP4MErVug=="
        },
        "string-width": {
          "version": "7.2.0",
          "resolved": "https://registry.npmjs.org/string-width/-/string-width-7.2.0.tgz",
          "integrity": "sha512-tsaTIkKW9b4N+AEj+SVA+WhJzV7/zMhcSu78mLKWSk7cXMOSHsBKFWUs0fWwq8QyK3MgJBQRX6Gbi4kYbdvGkQ==",
          "requires": {
            "emoji-regex": "10.4.0",
            "get-east-asian-width": "1.3.0",
            "strip-ansi": "7.1.0"
          }
        },
        "strip-ansi": {
          "version": "7.1.0",
          "resolved": "https://registry.npmjs.org/strip-ansi/-/strip-ansi-7.1.0.tgz",
          "integrity": "sha512-iq6eVVI64nQQTRYq2KtEg2d2uU7LElhTJwsH4YzIHZshxlgZms/wIc4VoDQTlG/IvVIrBKG06CrZnp0qv7hkcQ==",
          "requires": {
            "ansi-regex": "6.1.0"
          }
        },
        "wrap-ansi": {
          "version": "9.0.0",
          "resolved": "https://registry.npmjs.org/wrap-ansi/-/wrap-ansi-9.0.0.tgz",
          "integrity": "sha512-G8ura3S+3Z2G+mkgNRq8dqaFZAuxfsxpBB8OCTGRTCtp+l/v9nbFNmCUP1BZMts3G1142MsZfn6eeUKrr4PD1Q==",
          "requires": {
            "ansi-styles": "6.2.1",
            "string-width": "7.2.0",
            "strip-ansi": "7.1.0"
          }
        }
      }
    },
    "merge-stream": {
      "version": "2.0.0",
      "resolved": "https://registry.npmjs.org/merge-stream/-/merge-stream-2.0.0.tgz",
      "integrity": "sha512-abv/qOcuPfk3URPfDzmZU1LKmuw8kT+0nIHvKrKgFrwifol/doWcdA4ZqsWQ8ENrFKkd67Mfpo/LovbIUsbt3w=="
    },
    "merge2": {
      "version": "1.4.1",
      "resolved": "https://registry.npmjs.org/merge2/-/merge2-1.4.1.tgz",
      "integrity": "sha512-8q7VEgMJW4J8tcfVPy8g09NcQwZdbwFEqhe/WZkoIzjn/3TGDwtOCYtXGxA3O8tPzpczCCDgv+P2P5y00ZJOOg=="
    },
    "mimic-function": {
      "version": "5.0.1",
      "resolved": "https://registry.npmjs.org/mimic-function/-/mimic-function-5.0.1.tgz",
      "integrity": "sha512-VP79XUPxV2CigYP3jWwAUFSku2aKqBH7uTAapFWCBqutsbmDo96KY5o8uh6U+/YSIn5OxJnXp73beVkpqMIGhA=="
    },
    "onetime": {
      "version": "6.0.0",
      "resolved": "https://registry.npmjs.org/onetime/-/onetime-6.0.0.tgz",
      "integrity": "sha512-1FlR+gjXK7X+AsAHso35MnyN5KqGwJRi/31ft6x0M194ht7S+rWAvd7PHss9xSKMzE0asv1pyIHaJYq+BbacAQ==",
      "requires": {
        "mimic-fn": "4.0.0"
      },
      "dependencies": {
        "mimic-fn": {
          "version": "4.0.0",
          "resolved": "https://registry.npmjs.org/mimic-fn/-/mimic-fn-4.0.0.tgz",
          "integrity": "sha512-vqiC06CuhBTUdZH+RYl8sFrL096vA45Ok5ISO6sE/Mr1jRbGH4Csnhi8f3wKVl7x8mO4Au7Ir9D3Oyv1VYMFJw=="
        }
      }
    },
    "p-map": {
      "version": "7.0.3",
      "resolved": "https://registry.npmjs.org/p-map/-/p-map-7.0.3.tgz",
      "integrity": "sha512-VkndIv2fIB99swvQoA65bm+fsmt6UNdGeIB0oxBs+WhAhdh08QA04JXpI7rbB9r08/nkbysKoya9rtDERYOYMA=="
    },
    "path-type": {
      "version": "5.0.0",
      "resolved": "https://registry.npmjs.org/path-type/-/path-type-5.0.0.tgz",
      "integrity": "sha512-5HviZNaZcfqP95rwpv+1HDgUamezbqdSYTyzjTvwtJSnIH+3vnbmWsItli8OFEndS984VT55M3jduxZbX351gg=="
    },
    "picocolors": {
      "version": "1.1.1",
      "resolved": "https://registry.npmjs.org/picocolors/-/picocolors-1.1.1.tgz",
      "integrity": "sha512-xceH2snhtb5M9liqDsmEw56le376mTZkEX/jEb/RxNFyegNul7eNslCXP9FDj/Lcu0X8KEyMceP2ntpaHrDEVA=="
    },
    "picomatch": {
      "version": "2.3.1",
      "resolved": "https://registry.npmjs.org/picomatch/-/picomatch-2.3.1.tgz",
      "integrity": "sha512-JU3teHTNjmE2VCGFzuY8EXzCDVwEqB2a8fsIvwaStHhAWJEeVd1o1QD80CU6+ZdEXXSLbSsuLwJjkCBWqRQUVA=="
    },
    "queue-microtask": {
      "version": "1.2.3",
      "resolved": "https://registry.npmjs.org/queue-microtask/-/queue-microtask-1.2.3.tgz",
      "integrity": "sha512-NuaNSa6flKT5JaSYQzJok04JzTL1CA6aGhv5rfLW3PgqA+M2ChpZQnAC8h8i4ZFkBS8X5RqkDBHA7r4hej3K9A=="
    },
    "repomix": {
      "version": "0.2.20",
      "resolved": "https://registry.npmjs.org/repomix/-/repomix-0.2.20.tgz",
      "integrity": "sha512-kuHa3BOh+jnmfBl/S7SS8CU1gXszX8DhQiWXcfOY+qadr86XH8a1Zq9cHNKyL1TSdkNcdcfyFdZdU7r/xrmrRg==",
      "requires": {
        "@clack/prompts": "0.9.1",
        "@secretlint/core": "9.0.0",
        "@secretlint/secretlint-rule-preset-recommend": "9.0.0",
        "cli-spinners": "2.9.2",
        "clipboardy": "4.0.0",
        "commander": "13.0.0",
        "globby": "14.0.2",
        "handlebars": "4.7.8",
        "iconv-lite": "0.6.3",
        "istextorbinary": "9.5.0",
        "jschardet": "3.1.4",
        "log-update": "6.1.0",
        "minimatch": "10.0.1",
        "p-map": "7.0.3",
        "picocolors": "1.1.1",
        "strip-comments": "2.0.1",
        "strip-json-comments": "5.0.1",
        "tiktoken": "1.0.18",
        "zod": "3.24.1"
      },
      "dependencies": {
        "brace-expansion": {
          "version": "2.0.1",
          "resolved": "https://registry.npmjs.org/brace-expansion/-/brace-expansion-2.0.1.tgz",
          "integrity": "sha512-XnAIvQ8eM+kC6aULx6wuQiwVsnzsi9d3WxzV3FpWTGA19F621kwdbsAcFKXgKUHZWsy+mY6iL1sHTxWEFCytDA==",
          "requires": {
            "balanced-match": "1.0.0"
          }
        },
        "commander": {
          "version": "13.0.0",
          "resolved": "https://registry.npmjs.org/commander/-/commander-13.0.0.tgz",
          "integrity": "sha512-oPYleIY8wmTVzkvQq10AEok6YcTC4sRUBl8F9gVuwchGVUCTbl/vhLTaQqutuuySYOsu8YTgV+OxKc/8Yvx+mQ=="
        },
        "minimatch": {
          "version": "10.0.1",
          "resolved": "https://registry.npmjs.org/minimatch/-/minimatch-10.0.1.tgz",
          "integrity": "sha512-ethXTt3SGGR+95gudmqJ1eNhRO7eGEGIgYA9vnPatK4/etz2MEVDno5GMCibdMTuBMyElzIlgxMna3K94XDIDQ==",
          "requires": {
            "brace-expansion": "2.0.1"
          }
        }
      }
    },
    "restore-cursor": {
      "version": "5.1.0",
      "resolved": "https://registry.npmjs.org/restore-cursor/-/restore-cursor-5.1.0.tgz",
      "integrity": "sha512-oMA2dcrw6u0YfxJQXm342bFKX/E4sG9rbTzO9ptUcR/e8A33cHuvStiYOwH7fszkZlZ1z/ta9AAoPk2F4qIOHA==",
      "requires": {
        "onetime": "7.0.0",
        "signal-exit": "4.1.0"
      },
      "dependencies": {
        "onetime": {
          "version": "7.0.0",
          "resolved": "https://registry.npmjs.org/onetime/-/onetime-7.0.0.tgz",
          "integrity": "sha512-VXJjc87FScF88uafS3JllDgvAm+c/Slfz06lorj2uAY34rlUu0Nt+v8wreiImcrgAjjIHp1rXpTDlLOGw29WwQ==",
          "requires": {
            "mimic-function": "5.0.1"
          }
        },
        "signal-exit": {
          "version": "4.1.0",
          "resolved": "https://registry.npmjs.org/signal-exit/-/signal-exit-4.1.0.tgz",
          "integrity": "sha512-bzyZ1e88w9O1iNJbKnOlvYTrWPDl46O1bG0D3XInv+9tkPrxrN8jUUTiFlDkkmKWgn1M6CfIA13SuGqOa9Korw=="
        }
      }
    },
    "reusify": {
      "version": "1.0.4",
      "resolved": "https://registry.npmjs.org/reusify/-/reusify-1.0.4.tgz",
      "integrity": "sha512-U9nH88a3fc/ekCF1l0/UP1IosiuIjyTh7hBvXVMHYgVcfGvt897Xguj2UOLDeI5BG2m7/uwyaLVT6fbtCwTyzw=="
    },
    "run-parallel": {
      "version": "1.2.0",
      "resolved": "https://registry.npmjs.org/run-parallel/-/run-parallel-1.2.0.tgz",
      "integrity": "sha512-5l4VyZR86LZ/lDxZTR6jqL8AFE2S0IFLMP26AbjsLVADxHdhB/c0GUsH+y39UfCi3dzz8OlQuPmnaJOMoDHQBA==",
      "requires": {
        "queue-microtask": "1.2.3"
      }
    },
    "safer-buffer": {
      "version": "2.1.2",
      "resolved": "https://registry.npmjs.org/safer-buffer/-/safer-buffer-2.1.2.tgz",
      "integrity": "sha512-YZo3K82SD7Riyi0E1EQPojLz7kpepnSQI9IyPbHHg1XXXevb5dJI7tpyN2ADxGcQbHG7vcyRHk0cbwqcQriUtg=="
    },
    "sisteransi": {
      "version": "1.0.5",
      "resolved": "https://registry.npmjs.org/sisteransi/-/sisteransi-1.0.5.tgz",
      "integrity": "sha512-bLGGlR1QxBcynn2d5YmDX4MGjlZvy2MRBDRNHLJ8VI6l6+9FUiyTFNJ0IveOSP0bcXgVDPRcfGqA0pjaqUpfVg=="
    },
    "slash": {
      "version": "5.1.0",
      "resolved": "https://registry.npmjs.org/slash/-/slash-5.1.0.tgz",
      "integrity": "sha512-ZA6oR3T/pEyuqwMgAKT0/hAv8oAXckzbkmR0UkUosQ+Mc4RxGoJkRmwHgHufaenlyAgE1Mxgpdcrf75y6XcnDg=="
    },
    "slice-ansi": {
      "version": "7.1.0",
      "resolved": "https://registry.npmjs.org/slice-ansi/-/slice-ansi-7.1.0.tgz",
      "integrity": "sha512-bSiSngZ/jWeX93BqeIAbImyTbEihizcwNjFoRUIY/T1wWQsfsm2Vw1agPKylXvQTU7iASGdHhyqRlqQzfz+Htg==",
      "requires": {
        "ansi-styles": "6.2.1",
        "is-fullwidth-code-point": "5.0.0"
      },
      "dependencies": {
        "ansi-styles": {
          "version": "6.2.1",
          "resolved": "https://registry.npmjs.org/ansi-styles/-/ansi-styles-6.2.1.tgz",
          "integrity": "sha512-bN798gFfQX+viw3R7yrGWRqnrN2oRkEkUjjl4JNn4E8GxxbjtG3FbrEIIY3l8/hrwUwIeCZvi4QuOTP4MErVug=="
        },
        "is-fullwidth-code-point": {
          "version": "5.0.0",
          "resolved": "https://registry.npmjs.org/is-fullwidth-code-point/-/is-fullwidth-code-point-5.0.0.tgz",
          "integrity": "sha512-OVa3u9kkBbw7b8Xw5F9P+D/T9X+Z4+JruYVNapTjPYZYUznQ5YfWeFkOj606XYYW8yugTfC8Pj0hYqvi4ryAhA==",
          "requires": {
            "get-east-asian-width": "1.3.0"
          }
        }
      }
    },
    "source-map": {
      "version": "0.6.1",
      "resolved": "https://registry.npmjs.org/source-map/-/source-map-0.6.1.tgz",
      "integrity": "sha512-UjgapumWlbMhkBgzT7Ykc5YXUT46F0iKu8SGXq0bcwP5dz/h0Plj6enJqjz1Zbq2l5WaqYnrVbwWOWMyF3F47g=="
    },
    "strip-comments": {
      "version": "2.0.1",
      "resolved": "https://registry.npmjs.org/strip-comments/-/strip-comments-2.0.1.tgz",
      "integrity": "sha512-ZprKx+bBLXv067WTCALv8SSz5l2+XhpYCsVtSqlMnkAXMWDq+/ekVbl1ghqP9rUHTzv6sm/DwCOiYutU/yp1fw=="
    },
    "strip-final-newline": {
      "version": "3.0.0",
      "resolved": "https://registry.npmjs.org/strip-final-newline/-/strip-final-newline-3.0.0.tgz",
      "integrity": "sha512-dOESqjYr96iWYylGObzd39EuNTa5VJxyvVAEm5Jnh7KGo75V43Hk1odPQkNDyXNmUR6k+gEiDVXnjB8HJ3crXw=="
    },
    "strip-json-comments": {
      "version": "5.0.1",
      "resolved": "https://registry.npmjs.org/strip-json-comments/-/strip-json-comments-5.0.1.tgz",
      "integrity": "sha512-0fk9zBqO67Nq5M/m45qHCJxylV/DhBlIOVExqgOMiCCrzrhU6tCibRXNqE3jwJLftzE9SNuZtYbpzcO+i9FiKw=="
    },
    "structured-source": {
      "version": "4.0.0",
      "resolved": "https://registry.npmjs.org/structured-source/-/structured-source-4.0.0.tgz",
      "integrity": "sha512-qGzRFNJDjFieQkl/sVOI2dUjHKRyL9dAJi2gCPGJLbJHBIkyOHxjuocpIEfbLioX+qSJpvbYdT49/YCdMznKxA==",
      "requires": {
        "boundary": "2.0.0"
      }
    },
    "system-architecture": {
      "version": "0.1.0",
      "resolved": "https://registry.npmjs.org/system-architecture/-/system-architecture-0.1.0.tgz",
      "integrity": "sha512-ulAk51I9UVUyJgxlv9M6lFot2WP3e7t8Kz9+IS6D4rVba1tR9kON+Ey69f+1R4Q8cd45Lod6a4IcJIxnzGc/zA=="
    },
    "textextensions": {
      "version": "6.11.0",
      "resolved": "https://registry.npmjs.org/textextensions/-/textextensions-6.11.0.tgz",
      "integrity": "sha512-tXJwSr9355kFJI3lbCkPpUH5cP8/M0GGy2xLO34aZCjMXBaK3SoPnZwr/oWmo1FdCnELcs4npdCIOFtq9W3ruQ==",
      "requires": {
        "editions": "6.21.0"
      }
    },
    "tiktoken": {
      "version": "1.0.18",
      "resolved": "https://registry.npmjs.org/tiktoken/-/tiktoken-1.0.18.tgz",
      "integrity": "sha512-DXJesdYwmBHtkmz1sji+UMZ4AOEE8F7Uw/PS/uy0XfkKOzZC4vXkYXHMYyDT+grdflvF4bggtPt9cYaqOMslBw=="
    },
    "uglify-js": {
      "version": "3.4.9",
      "resolved": "https://registry.npmjs.org/uglify-js/-/uglify-js-3.4.9.tgz",
      "integrity": "sha512-8CJsbKOtEbnJsTyv6LE6m6ZKniqMiFWmm9sRbopbkGs3gMPPfd3Fh8iIA4Ykv5MgaTbqHr4BaoGLJLZNhsrW1Q==",
      "requires": {
        "commander": "2.17.1",
        "source-map": "0.6.1"
      }
    },
    "unicorn-magic": {
      "version": "0.1.0",
      "resolved": "https://registry.npmjs.org/unicorn-magic/-/unicorn-magic-0.1.0.tgz",
      "integrity": "sha512-lRfVq8fE8gz6QMBuDM6a+LO3IAzTi05H6gCVaUpir2E1Rwpo4ZUog45KpNXKC/Mn3Yb9UDuHumeFTo9iV/D9FQ=="
    },
    "version-range": {
      "version": "4.14.0",
      "resolved": "https://registry.npmjs.org/version-range/-/version-range-4.14.0.tgz",
      "integrity": "sha512-gjb0ARm9qlcBAonU4zPwkl9ecKkas+tC2CGwFfptTCWWIVTWY1YUbT2zZKsOAF1jR/tNxxyLwwG0cb42XlYcTg=="
    },
    "wordwrap": {
      "version": "1.0.0",
      "resolved": "https://registry.npmjs.org/wordwrap/-/wordwrap-1.0.0.tgz",
      "integrity": "sha512-gvVzJFlPycKc5dZN4yPkP8w7Dc37BtP1yczEneOb4uq34pXZcvrtRTmWV8W+Ume+XCxKgbjM+nevkyFPMybd4Q=="
    },
    "zod": {
      "version": "3.24.1",
      "resolved": "https://registry.npmjs.org/zod/-/zod-3.24.1.tgz",
      "integrity": "sha512-muH7gBL9sI1nciMZV67X5fTKKBLtwpZ5VBp1vsOQzj1MhrBZ4wlVCm3gedKZWLp0Oyel8sIGfeiz54Su+OVT+A=="
    }
  }
}
